
Microsoft Visual Studio Solution File, Format Version 12.00
# Visual Studio Version 17
VisualStudioVersion = 17.10.35122.118
MinimumVisualStudioVersion = 10.0.40219.1
Project("{FAE04EC0-301F-11D3-BF4B-00C04F79EFBC}") = "WindowsFormsGridView", "WindowsFormsGridView.csproj", "{0F2A6F4A-06B7-4217-8ACA-CB3F27B620C6}"
EndProject
Global
	GlobalSection(SolutionConfigurationPlatforms) = preSolution
		Debug|Any CPU = Debug|Any CPU
		Release|Any CPU = Release|Any CPU
	EndGlobalSection
	GlobalSection(ProjectConfigurationPlatforms) = postSolution
		{0F2A6F4A-06B7-4217-8ACA-CB3F27B620C6}.Debug|Any CPU.ActiveCfg = Debug|Any CPU
		{0F2A6F4A-06B7-4217-8ACA-CB3F27B620C6}.Debug|Any CPU.Build.0 = Debug|Any CPU
		{0F2A6F4A-06B7-4217-8ACA-CB3F27B620C6}.Release|Any CPU.ActiveCfg = Release|Any CPU
		{0F2A6F4A-06B7-4217-8ACA-CB3F27B620C6}.Release|Any CPU.Build.0 = Release|Any CPU
	EndGlobalSection
	GlobalSection(SolutionProperties) = preSolution
		HideSolutionNode = FALSE
	EndGlobalSection
	GlobalSection(ExtensibilityGlobals) = postSolution
		SolutionGuid = {E51520C3-06CE-4EAA-8345-15355524D2B2}
	EndGlobalSection
EndGlobal
